// !$*UTF8*$!
{
	archiveVersion = 1;
	classes = {
	};
	objectVersion = 46;
	objects = {

/* Begin PBXBuildFile section */
		6B00A0541EC94A5D005B5FE5 /* main.m in Sources */ = {isa = PBXBuildFile; fileRef = 6B00A0531EC94A5D005B5FE5 /* main.m */; };
		6B00A0571EC94A5D005B5FE5 /* AppDelegate.m in Sources */ = {isa = PBXBuildFile; fileRef = 6B00A0561EC94A5D005B5FE5 /* AppDelegate.m */; };
		6B00A05A1EC94A5D005B5FE5 /* ViewController.m in Sources */ = {isa = PBXBuildFile; fileRef = 6B00A0591EC94A5D005B5FE5 /* ViewController.m */; };
		6B00A05D1EC94A5D005B5FE5 /* Main.storyboard in Resources */ = {isa = PBXBuildFile; fileRef = 6B00A05B1EC94A5D005B5FE5 /* Main.storyboard */; };
		6B00A05F1EC94A5D005B5FE5 /* Assets.xcassets in Resources */ = {isa = PBXBuildFile; fileRef = 6B00A05E1EC94A5D005B5FE5 /* Assets.xcassets */; };
		6B00A0621EC94A5D005B5FE5 /* LaunchScreen.storyboard in Resources */ = {isa = PBXBuildFile; fileRef = 6B00A0601EC94A5D005B5FE5 /* LaunchScreen.storyboard */; };
		6B00A06C1EC94A7B005B5FE5 /* AbstractFactory.m in Sources */ = {isa = PBXBuildFile; fileRef = 6B00A06B1EC94A7B005B5FE5 /* AbstractFactory.m */; };
		6B00A0721EC94BD6005B5FE5 /* XMLParser.m in Sources */ = {isa = PBXBuildFile; fileRef = 6B00A0711EC94BD6005B5FE5 /* XMLParser.m */; };
		6B00A0741EC94BF4005B5FE5 /* Config.xml in Resources */ = {isa = PBXBuildFile; fileRef = 6B00A0731EC94BF4005B5FE5 /* Config.xml */; };
		6B00A0791EC94E54005B5FE5 /* MeizuPhone.m in Sources */ = {isa = PBXBuildFile; fileRef = 6B00A0781EC94E54005B5FE5 /* MeizuPhone.m */; };
		6B00A07C1EC94E6B005B5FE5 /* HUAWEIPhone.m in Sources */ = {isa = PBXBuildFile; fileRef = 6B00A07B1EC94E6B005B5FE5 /* HUAWEIPhone.m */; };
		6B00A07F1EC95830005B5FE5 /* MeizuFactory.m in Sources */ = {isa = PBXBuildFile; fileRef = 6B00A07E1EC95830005B5FE5 /* MeizuFactory.m */; };
		6B00A0821EC95844005B5FE5 /* HUAWEIFactory.m in Sources */ = {isa = PBXBuildFile; fileRef = 6B00A0811EC95844005B5FE5 /* HUAWEIFactory.m */; };
/* End PBXBuildFile section */

/* Begin PBXFileReference section */
		6B00A04F1EC94A5D005B5FE5 /* AbstractFactoryDemo.app */ = {isa = PBXFileReference; explicitFileType = wrapper.application; includeInIndex = 0; path = AbstractFactoryDemo.app; sourceTree = BUILT_PRODUCTS_DIR; };
		6B00A0531EC94A5D005B5FE5 /* main.m */ = {isa = PBXFileReference; lastKnownFileType = sourcecode.c.objc; path = main.m; sourceTree = "<group>"; };
		6B00A0551EC94A5D005B5FE5 /* AppDelegate.h */ = {isa = PBXFileReference; lastKnownFileType = sourcecode.c.h; path = AppDelegate.h; sourceTree = "<group>"; };
		6B00A0561EC94A5D005B5FE5 /* AppDelegate.m */ = {isa = PBXFileReference; lastKnownFileType = sourcecode.c.objc; path = AppDelegate.m; sourceTree = "<group>"; };
		6B00A0581EC94A5D005B5FE5 /* ViewController.h */ = {isa = PBXFileReference; lastKnownFileType = sourcecode.c.h; path = ViewController.h; sourceTree = "<group>"; };
		6B00A0591EC94A5D005B5FE5 /* ViewController.m */ = {isa = PBXFileReference; lastKnownFileType = sourcecode.c.objc; path = ViewController.m; sourceTree = "<group>"; };
		6B00A05C1EC94A5D005B5FE5 /* Base */ = {isa = PBXFileReference; lastKnownFileType = file.storyboard; name = Base; path = Base.lproj/Main.storyboard; sourceTree = "<group>"; };
		6B00A05E1EC94A5D005B5FE5 /* Assets.xcassets */ = {isa = PBXFileReference; lastKnownFileType = folder.assetcatalog; path = Assets.xcassets; sourceTree = "<group>"; };
		6B00A0611EC94A5D005B5FE5 /* Base */ = {isa = PBXFileReference; lastKnownFileType = file.storyboard; name = Base; path = Base.lproj/LaunchScreen.storyboard; sourceTree = "<group>"; };
		6B00A0631EC94A5E005B5FE5 /* Info.plist */ = {isa = PBXFileReference; lastKnownFileType = text.plist.xml; path = Info.plist; sourceTree = "<group>"; };
		6B00A06A1EC94A7B005B5FE5 /* AbstractFactory.h */ = {isa = PBXFileReference; fileEncoding = 4; lastKnownFileType = sourcecode.c.h; path = AbstractFactory.h; sourceTree = "<group>"; };
		6B00A06B1EC94A7B005B5FE5 /* AbstractFactory.m */ = {isa = PBXFileReference; fileEncoding = 4; lastKnownFileType = sourcecode.c.objc; path = AbstractFactory.m; sourceTree = "<group>"; };
		6B00A0701EC94BD6005B5FE5 /* XMLParser.h */ = {isa = PBXFileReference; fileEncoding = 4; lastKnownFileType = sourcecode.c.h; path = XMLParser.h; sourceTree = "<group>"; };
		6B00A0711EC94BD6005B5FE5 /* XMLParser.m */ = {isa = PBXFileReference; fileEncoding = 4; lastKnownFileType = sourcecode.c.objc; path = XMLParser.m; sourceTree = "<group>"; };
		6B00A0731EC94BF4005B5FE5 /* Config.xml */ = {isa = PBXFileReference; fileEncoding = 4; lastKnownFileType = text.xml; path = Config.xml; sourceTree = "<group>"; };
		6B00A0751EC94C80005B5FE5 /* SmartPhoneStandard.h */ = {isa = PBXFileReference; fileEncoding = 4; lastKnownFileType = sourcecode.c.h; path = SmartPhoneStandard.h; sourceTree = "<group>"; };
		6B00A0761EC94CDB005B5FE5 /* PhoneFactoryStandard.h */ = {isa = PBXFileReference; fileEncoding = 4; lastKnownFileType = sourcecode.c.h; path = PhoneFactoryStandard.h; sourceTree = "<group>"; };
		6B00A0771EC94E54005B5FE5 /* MeizuPhone.h */ = {isa = PBXFileReference; fileEncoding = 4; lastKnownFileType = sourcecode.c.h; path = MeizuPhone.h; sourceTree = "<group>"; };
		6B00A0781EC94E54005B5FE5 /* MeizuPhone.m */ = {isa = PBXFileReference; fileEncoding = 4; lastKnownFileType = sourcecode.c.objc; path = MeizuPhone.m; sourceTree = "<group>"; };
		6B00A07A1EC94E6B005B5FE5 /* HUAWEIPhone.h */ = {isa = PBXFileReference; fileEncoding = 4; lastKnownFileType = sourcecode.c.h; path = HUAWEIPhone.h; sourceTree = "<group>"; };
		6B00A07B1EC94E6B005B5FE5 /* HUAWEIPhone.m */ = {isa = PBXFileReference; fileEncoding = 4; lastKnownFileType = sourcecode.c.objc; path = HUAWEIPhone.m; sourceTree = "<group>"; };
		6B00A07D1EC95830005B5FE5 /* MeizuFactory.h */ = {isa = PBXFileReference; fileEncoding = 4; lastKnownFileType = sourcecode.c.h; path = MeizuFactory.h; sourceTree = "<group>"; };
		6B00A07E1EC95830005B5FE5 /* MeizuFactory.m */ = {isa = PBXFileReference; fileEncoding = 4; lastKnownFileType = sourcecode.c.objc; path = MeizuFactory.m; sourceTree = "<group>"; };
		6B00A0801EC95844005B5FE5 /* HUAWEIFactory.h */ = {isa = PBXFileReference; fileEncoding = 4; lastKnownFileType = sourcecode.c.h; path = HUAWEIFactory.h; sourceTree = "<group>"; };
		6B00A0811EC95844005B5FE5 /* HUAWEIFactory.m */ = {isa = PBXFileReference; fileEncoding = 4; lastKnownFileType = sourcecode.c.objc; path = HUAWEIFactory.m; sourceTree = "<group>"; };
/* End PBXFileReference section */

/* Begin PBXFrameworksBuildPhase section */
		6B00A04C1EC94A5D005B5FE5 /* Frameworks */ = {
			isa = PBXFrameworksBuildPhase;
			buildActionMask = 2147483647;
			files = (
			);
			runOnlyForDeploymentPostprocessing = 0;
		};
/* End PBXFrameworksBuildPhase section */

/* Begin PBXGroup section */
		6B00A0461EC94A5D005B5FE5 = {
			isa = PBXGroup;
			children = (
				6B00A0511EC94A5D005B5FE5 /* AbstractFactoryDemo */,
				6B00A0501EC94A5D005B5FE5 /* Products */,
			);
			sourceTree = "<group>";
		};
		6B00A0501EC94A5D005B5FE5 /* Products */ = {
			isa = PBXGroup;
			children = (
				6B00A04F1EC94A5D005B5FE5 /* AbstractFactoryDemo.app */,
			);
			name = Products;
			sourceTree = "<group>";
		};
		6B00A0511EC94A5D005B5FE5 /* AbstractFactoryDemo */ = {
			isa = PBXGroup;
			children = (
				6B00A0691EC94A72005B5FE5 /* AbstractFactory */,
				6B00A0551EC94A5D005B5FE5 /* AppDelegate.h */,
				6B00A0561EC94A5D005B5FE5 /* AppDelegate.m */,
				6B00A0581EC94A5D005B5FE5 /* ViewController.h */,
				6B00A0591EC94A5D005B5FE5 /* ViewController.m */,
				6B00A05B1EC94A5D005B5FE5 /* Main.storyboard */,
				6B00A05E1EC94A5D005B5FE5 /* Assets.xcassets */,
				6B00A0601EC94A5D005B5FE5 /* LaunchScreen.storyboard */,
				6B00A0631EC94A5E005B5FE5 /* Info.plist */,
				6B00A0521EC94A5D005B5FE5 /* Supporting Files */,
			);
			path = AbstractFactoryDemo;
			sourceTree = "<group>";
		};
		6B00A0521EC94A5D005B5FE5 /* Supporting Files */ = {
			isa = PBXGroup;
			children = (
				6B00A0531EC94A5D005B5FE5 /* main.m */,
			);
			name = "Supporting Files";
			sourceTree = "<group>";
		};
		6B00A0691EC94A72005B5FE5 /* AbstractFactory */ = {
			isa = PBXGroup;
			children = (
				6B00A06A1EC94A7B005B5FE5 /* AbstractFactory.h */,
				6B00A06B1EC94A7B005B5FE5 /* AbstractFactory.m */,
				6B00A07D1EC95830005B5FE5 /* MeizuFactory.h */,
				6B00A07E1EC95830005B5FE5 /* MeizuFactory.m */,
				6B00A0801EC95844005B5FE5 /* HUAWEIFactory.h */,
				6B00A0811EC95844005B5FE5 /* HUAWEIFactory.m */,
				6B00A06E1EC94A88005B5FE5 /* Utils */,
				6B00A06F1EC94A8A005B5FE5 /* Product */,
				6B00A06D1EC94A83005B5FE5 /* Standard */,
			);
			name = AbstractFactory;
			sourceTree = "<group>";
		};
		6B00A06D1EC94A83005B5FE5 /* Standard */ = {
			isa = PBXGroup;
			children = (
				6B00A0751EC94C80005B5FE5 /* SmartPhoneStandard.h */,
				6B00A0761EC94CDB005B5FE5 /* PhoneFactoryStandard.h */,
			);
			name = Standard;
			sourceTree = "<group>";
		};
		6B00A06E1EC94A88005B5FE5 /* Utils */ = {
			isa = PBXGroup;
			children = (
				6B00A0731EC94BF4005B5FE5 /* Config.xml */,
				6B00A0701EC94BD6005B5FE5 /* XMLParser.h */,
				6B00A0711EC94BD6005B5FE5 /* XMLParser.m */,
			);
			name = Utils;
			sourceTree = "<group>";
		};
		6B00A06F1EC94A8A005B5FE5 /* Product */ = {
			isa = PBXGroup;
			children = (
				6B00A0771EC94E54005B5FE5 /* MeizuPhone.h */,
				6B00A0781EC94E54005B5FE5 /* MeizuPhone.m */,
				6B00A07A1EC94E6B005B5FE5 /* HUAWEIPhone.h */,
				6B00A07B1EC94E6B005B5FE5 /* HUAWEIPhone.m */,
			);
			name = Product;
			sourceTree = "<group>";
		};
/* End PBXGroup section */

/* Begin PBXNativeTarget section */
		6B00A04E1EC94A5D005B5FE5 /* AbstractFactoryDemo */ = {
			isa = PBXNativeTarget;
			buildConfigurationList = 6B00A0661EC94A5E005B5FE5 /* Build configuration list for PBXNativeTarget "AbstractFactoryDemo" */;
			buildPhases = (
				6B00A04B1EC94A5D005B5FE5 /* Sources */,
				6B00A04C1EC94A5D005B5FE5 /* Frameworks */,
				6B00A04D1EC94A5D005B5FE5 /* Resources */,
			);
			buildRules = (
			);
			dependencies = (
			);
			name = AbstractFactoryDemo;
			productName = AbstractFactoryDemo;
			productReference = 6B00A04F1EC94A5D005B5FE5 /* AbstractFactoryDemo.app */;
			productType = "com.apple.product-type.application";
		};
/* End PBXNativeTarget section */

/* Begin PBXProject section */
		6B00A0471EC94A5D005B5FE5 /* Project object */ = {
			isa = PBXProject;
			attributes = {
				LastUpgradeCheck = 0830;
				ORGANIZATIONNAME = "何晓文";
				TargetAttributes = {
					6B00A04E1EC94A5D005B5FE5 = {
						CreatedOnToolsVersion = 8.3.1;
						DevelopmentTeam = 2L8H2J3325;
						ProvisioningStyle = Automatic;
					};
				};
			};
			buildConfigurationList = 6B00A04A1EC94A5D005B5FE5 /* Build configuration list for PBXProject "AbstractFactoryDemo" */;
			compatibilityVersion = "Xcode 3.2";
			developmentRegion = English;
			hasScannedForEncodings = 0;
			knownRegions = (
				en,
				Base,
			);
			mainGroup = 6B00A0461EC94A5D005B5FE5;
			productRefGroup = 6B00A0501EC94A5D005B5FE5 /* Products */;
			projectDirPath = "";
			projectRoot = "";
			targets = (
				6B00A04E1EC94A5D005B5FE5 /* AbstractFactoryDemo */,
			);
		};
/* End PBXProject section */

/* Begin PBXResourcesBuildPhase section */
		6B00A04D1EC94A5D005B5FE5 /* Resources */ = {
			isa = PBXResourcesBuildPhase;
			buildActionMask = 2147483647;
			files = (
				6B00A0621EC94A5D005B5FE5 /* LaunchScreen.storyboard in Resources */,
				6B00A05F1EC94A5D005B5FE5 /* Assets.xcassets in Resources */,
				6B00A05D1EC94A5D005B5FE5 /* Main.storyboard in Resources */,
				6B00A0741EC94BF4005B5FE5 /* Config.xml in Resources */,
			);
			runOnlyForDeploymentPostprocessing = 0;
		};
/* End PBXResourcesBuildPhase section */

/* Begin PBXSourcesBuildPhase section */
		6B00A04B1EC94A5D005B5FE5 /* Sources */ = {
			isa = PBXSourcesBuildPhase;
			buildActionMask = 2147483647;
			files = (
				6B00A06C1EC94A7B005B5FE5 /* AbstractFactory.m in Sources */,
				6B00A07C1EC94E6B005B5FE5 /* HUAWEIPhone.m in Sources */,
				6B00A05A1EC94A5D005B5FE5 /* ViewController.m in Sources */,
				6B00A07F1EC95830005B5FE5 /* MeizuFactory.m in Sources */,
				6B00A0571EC94A5D005B5FE5 /* AppDelegate.m in Sources */,
				6B00A0541EC94A5D005B5FE5 /* main.m in Sources */,
				6B00A0721EC94BD6005B5FE5 /* XMLParser.m in Sources */,
				6B00A0791EC94E54005B5FE5 /* MeizuPhone.m in Sources */,
				6B00A0821EC95844005B5FE5 /* HUAWEIFactory.m in Sources */,
			);
			runOnlyForDeploymentPostprocessing = 0;
		};
/* End PBXSourcesBuildPhase section */

/* Begin PBXVariantGroup section */
		6B00A05B1EC94A5D005B5FE5 /* Main.storyboard */ = {
			isa = PBXVariantGroup;
			children = (
				6B00A05C1EC94A5D005B5FE5 /* Base */,
			);
			name = Main.storyboard;
			sourceTree = "<group>";
		};
		6B00A0601EC94A5D005B5FE5 /* LaunchScreen.storyboard */ = {
			isa = PBXVariantGroup;
			children = (
				6B00A0611EC94A5D005B5FE5 /* Base */,
			);
			name = LaunchScreen.storyboard;
			sourceTree = "<group>";
		};
/* End PBXVariantGroup section */

/* Begin XCBuildConfiguration section */
		6B00A0641EC94A5E005B5FE5 /* Debug */ = {
			isa = XCBuildConfiguration;
			buildSettings = {
				ALWAYS_SEARCH_USER_PATHS = NO;
				CLANG_ANALYZER_NONNULL = YES;
				CLANG_ANALYZER_NUMBER_OBJECT_CONVERSION = YES_AGGRESSIVE;
				CLANG_CXX_LANGUAGE_STANDARD = "gnu++0x";
				CLANG_CXX_LIBRARY = "libc++";
				CLANG_ENABLE_MODULES = YES;
				CLANG_ENABLE_OBJC_ARC = YES;
				CLANG_WARN_BOOL_CONVERSION = YES;
				CLANG_WARN_CONSTANT_CONVERSION = YES;
				CLANG_WARN_DIRECT_OBJC_ISA_USAGE = YES_ERROR;
				CLANG_WARN_DOCUMENTATION_COMMENTS = YES;
				CLANG_WARN_EMPTY_BODY = YES;
				CLANG_WARN_ENUM_CONVERSION = YES;
				CLANG_WARN_INFINITE_RECURSION = YES;
				CLANG_WARN_INT_CONVERSION = YES;
				CLANG_WARN_OBJC_ROOT_CLASS = YES_ERROR;
				CLANG_WARN_SUSPICIOUS_MOVE = YES;
				CLANG_WARN_UNREACHABLE_CODE = YES;
				CLANG_WARN__DUPLICATE_METHOD_MATCH = YES;
				"CODE_SIGN_IDENTITY[sdk=iphoneos*]" = "iPhone Developer";
				COPY_PHASE_STRIP = NO;
				DEBUG_INFORMATION_FORMAT = dwarf;
				ENABLE_STRICT_OBJC_MSGSEND = YES;
				ENABLE_TESTABILITY = YES;
				GCC_C_LANGUAGE_STANDARD = gnu99;
				GCC_DYNAMIC_NO_PIC = NO;
				GCC_NO_COMMON_BLOCKS = YES;
				GCC_OPTIMIZATION_LEVEL = 0;
				GCC_PREPROCESSOR_DEFINITIONS = (
					"DEBUG=1",
					"$(inherited)",
				);
				GCC_WARN_64_TO_32_BIT_CONVERSION = YES;
				GCC_WARN_ABOUT_RETURN_TYPE = YES_ERROR;
				GCC_WARN_UNDECLARED_SELECTOR = YES;
				GCC_WARN_UNINITIALIZED_AUTOS = YES_AGGRESSIVE;
				GCC_WARN_UNUSED_FUNCTION = YES;
				GCC_WARN_UNUSED_VARIABLE = YES;
				IPHONEOS_DEPLOYMENT_TARGET = 10.3;
				MTL_ENABLE_DEBUG_INFO = YES;
				ONLY_ACTIVE_ARCH = YES;
				SDKROOT = iphoneos;
			};
			name = Debug;
		};
		6B00A0651EC94A5E005B5FE5 /* Release */ = {
			isa = XCBuildConfiguration;
			buildSettings = {
				ALWAYS_SEARCH_USER_PATHS = NO;
				CLANG_ANALYZER_NONNULL = YES;
				CLANG_ANALYZER_NUMBER_OBJECT_CONVERSION = YES_AGGRESSIVE;
				CLANG_CXX_LANGUAGE_STANDARD = "gnu++0x";
				CLANG_CXX_LIBRARY = "libc++";
				CLANG_ENABLE_MODULES = YES;
				CLANG_ENABLE_OBJC_ARC = YES;
				CLANG_WARN_BOOL_CONVERSION = YES;
				CLANG_WARN_CONSTANT_CONVERSION = YES;
				CLANG_WARN_DIRECT_OBJC_ISA_USAGE = YES_ERROR;
				CLANG_WARN_DOCUMENTATION_COMMENTS = YES;
				CLANG_WARN_EMPTY_BODY = YES;
				CLANG_WARN_ENUM_CONVERSION = YES;
				CLANG_WARN_INFINITE_RECURSION = YES;
				CLANG_WARN_INT_CONVERSION = YES;
				CLANG_WARN_OBJC_ROOT_CLASS = YES_ERROR;
				CLANG_WARN_SUSPICIOUS_MOVE = YES;
				CLANG_WARN_UNREACHABLE_CODE = YES;
				CLANG_WARN__DUPLICATE_METHOD_MATCH = YES;
				"CODE_SIGN_IDENTITY[sdk=iphoneos*]" = "iPhone Developer";
				COPY_PHASE_STRIP = NO;
				DEBUG_INFORMATION_FORMAT = "dwarf-with-dsym";
				ENABLE_NS_ASSERTIONS = NO;
				ENABLE_STRICT_OBJC_MSGSEND = YES;
				GCC_C_LANGUAGE_STANDARD = gnu99;
				GCC_NO_COMMON_BLOCKS = YES;
				GCC_WARN_64_TO_32_BIT_CONVERSION = YES;
				GCC_WARN_ABOUT_RETURN_TYPE = YES_ERROR;
				GCC_WARN_UNDECLARED_SELECTOR = YES;
				GCC_WARN_UNINITIALIZED_AUTOS = YES_AGGRESSIVE;
				GCC_WARN_UNUSED_FUNCTION = YES;
				GCC_WARN_UNUSED_VARIABLE = YES;
				IPHONEOS_DEPLOYMENT_TARGET = 10.3;
				MTL_ENABLE_DEBUG_INFO = NO;
				SDKROOT = iphoneos;
				VALIDATE_PRODUCT = YES;
			};
			name = Release;
		};
		6B00A0671EC94A5E005B5FE5 /* Debug */ = {
			isa = XCBuildConfiguration;
			buildSettings = {
				ASSETCATALOG_COMPILER_APPICON_NAME = AppIcon;
				DEVELOPMENT_TEAM = 2L8H2J3325;
				INFOPLIST_FILE = AbstractFactoryDemo/Info.plist;
				LD_RUNPATH_SEARCH_PATHS = "$(inherited) @executable_path/Frameworks";
				PRODUCT_BUNDLE_IDENTIFIER = com.Royce.AbstractFactoryDemo;
				PRODUCT_NAME = "$(TARGET_NAME)";
			};
			name = Debug;
		};
		6B00A0681EC94A5E005B5FE5 /* Release */ = {
			isa = XCBuildConfiguration;
			buildSettings = {
				ASSETCATALOG_COMPILER_APPICON_NAME = AppIcon;
				DEVELOPMENT_TEAM = 2L8H2J3325;
				INFOPLIST_FILE = AbstractFactoryDemo/Info.plist;
				LD_RUNPATH_SEARCH_PATHS = "$(inherited) @executable_path/Frameworks";
				PRODUCT_BUNDLE_IDENTIFIER = com.Royce.AbstractFactoryDemo;
				PRODUCT_NAME = "$(TARGET_NAME)";
			};
			name = Release;
		};
/* End XCBuildConfiguration section */

/* Begin XCConfigurationList section */
		6B00A04A1EC94A5D005B5FE5 /* Build configuration list for PBXProject "AbstractFactoryDemo" */ = {
			isa = XCConfigurationList;
			buildConfigurations = (
				6B00A0641EC94A5E005B5FE5 /* Debug */,
				6B00A0651EC94A5E005B5FE5 /* Release */,
			);
			defaultConfigurationIsVisible = 0;
			defaultConfigurationName = Release;
		};
		6B00A0661EC94A5E005B5FE5 /* Build configuration list for PBXNativeTarget "AbstractFactoryDemo" */ = {
			isa = XCConfigurationList;
			buildConfigurations = (
				6B00A0671EC94A5E005B5FE5 /* Debug */,
				6B00A0681EC94A5E005B5FE5 /* Release */,
			);
			defaultConfigurationIsVisible = 0;
		};
/* End XCConfigurationList section */
	};
	rootObject = 6B00A0471EC94A5D005B5FE5 /* Project object */;
}
